
Microsoft Visual Studio Solution File, Format Version 12.00
# Visual Studio Version 16
VisualStudioVersion = 16.0.28803.352
MinimumVisualStudioVersion = 10.0.40219.1
Project("{FAE04EC0-301F-11D3-BF4B-00C04F79EFBC}") = "MyRedisDesktopManager", "MyRedisDesktopManager\MyRedisDesktopManager.csproj", "{540BCD0D-7DAA-444A-A3B2-D048789E2B20}"
EndProject
Project("{FAE04EC0-301F-11D3-BF4B-00C04F79EFBC}") = "Test", "Test\Test.csproj", "{58B61B5B-F27A-4D58-B1F1-09B4F24E140C}"
EndProject
Global
	GlobalSection(SolutionConfigurationPlatforms) = preSolution
		Debug|Any CPU = Debug|Any CPU
		Release|Any CPU = Release|Any CPU
	EndGlobalSection
	GlobalSection(ProjectConfigurationPlatforms) = postSolution
		{540BCD0D-7DAA-444A-A3B2-D048789E2B20}.Debug|Any CPU.ActiveCfg = Debug|Any CPU
		{540BCD0D-7DAA-444A-A3B2-D048789E2B20}.Debug|Any CPU.Build.0 = Debug|Any CPU
		{540BCD0D-7DAA-444A-A3B2-D048789E2B20}.Release|Any CPU.ActiveCfg = Release|Any CPU
		{540BCD0D-7DAA-444A-A3B2-D048789E2B20}.Release|Any CPU.Build.0 = Release|Any CPU
		{58B61B5B-F27A-4D58-B1F1-09B4F24E140C}.Debug|Any CPU.ActiveCfg = Debug|Any CPU
		{58B61B5B-F27A-4D58-B1F1-09B4F24E140C}.Debug|Any CPU.Build.0 = Debug|Any CPU
		{58B61B5B-F27A-4D58-B1F1-09B4F24E140C}.Release|Any CPU.ActiveCfg = Release|Any CPU
		{58B61B5B-F27A-4D58-B1F1-09B4F24E140C}.Release|Any CPU.Build.0 = Release|Any CPU
	EndGlobalSection
	GlobalSection(SolutionProperties) = preSolution
		HideSolutionNode = FALSE
	EndGlobalSection
	GlobalSection(ExtensibilityGlobals) = postSolution
		SolutionGuid = {F193ED36-7BE9-4D4E-975A-7693FD988FE2}
	EndGlobalSection
EndGlobal
